
Microsoft Visual Studio Solution File, Format Version 12.00
# Visual Studio Version 17
VisualStudioVersion = 17.14.36127.28 d17.14
MinimumVisualStudioVersion = 10.0.40219.1
Project("{FAE04EC0-301F-11D3-BF4B-00C04F79EFBC}") = "DotnetMigratorCLI", "DotnetMigratorCLI\DotnetMigratorCLI.csproj", "{6DC8F3AA-3AC7-4C67-93B0-814D33F35E78}"
EndProject
Global
	GlobalSection(SolutionConfigurationPlatforms) = preSolution
		Debug|Any CPU = Debug|Any CPU
		Release|Any CPU = Release|Any CPU
	EndGlobalSection
	GlobalSection(ProjectConfigurationPlatforms) = postSolution
		{6DC8F3AA-3AC7-4C67-93B0-814D33F35E78}.Debug|Any CPU.ActiveCfg = Debug|Any CPU
		{6DC8F3AA-3AC7-4C67-93B0-814D33F35E78}.Debug|Any CPU.Build.0 = Debug|Any CPU
		{6DC8F3AA-3AC7-4C67-93B0-814D33F35E78}.Release|Any CPU.ActiveCfg = Release|Any CPU
		{6DC8F3AA-3AC7-4C67-93B0-814D33F35E78}.Release|Any CPU.Build.0 = Release|Any CPU
	EndGlobalSection
	GlobalSection(SolutionProperties) = preSolution
		HideSolutionNode = FALSE
	EndGlobalSection
	GlobalSection(ExtensibilityGlobals) = postSolution
		SolutionGuid = {04EFECDA-99C1-487C-A1AD-B5FBEB87309E}
	EndGlobalSection
EndGlobal
